
Microsoft Visual Studio Solution File, Format Version 12.00
# Visual Studio Version 16
VisualStudioVersion = 16.0.29411.108
MinimumVisualStudioVersion = 10.0.40219.1
Project("{FAE04EC0-301F-11D3-BF4B-00C04F79EFBC}") = "CoreCalculator", "CoreCalculator\CoreCalculator.csproj", "{430F6009-78BC-49F6-ADB3-5DAC8A594BDE}"
EndProject
Global
	GlobalSection(SolutionConfigurationPlatforms) = preSolution
		Debug|Any CPU = Debug|Any CPU
		Release|Any CPU = Release|Any CPU
	EndGlobalSection
	GlobalSection(ProjectConfigurationPlatforms) = postSolution
		{430F6009-78BC-49F6-ADB3-5DAC8A594BDE}.Debug|Any CPU.ActiveCfg = Debug|Any CPU
		{430F6009-78BC-49F6-ADB3-5DAC8A594BDE}.Debug|Any CPU.Build.0 = Debug|Any CPU
		{430F6009-78BC-49F6-ADB3-5DAC8A594BDE}.Release|Any CPU.ActiveCfg = Release|Any CPU
		{430F6009-78BC-49F6-ADB3-5DAC8A594BDE}.Release|Any CPU.Build.0 = Release|Any CPU
	EndGlobalSection
	GlobalSection(SolutionProperties) = preSolution
		HideSolutionNode = FALSE
	EndGlobalSection
	GlobalSection(ExtensibilityGlobals) = postSolution
		SolutionGuid = {B6A73587-C542-46B7-950E-99956D8917D7}
	EndGlobalSection
EndGlobal
